
Microsoft Visual Studio Solution File, Format Version 12.00
# Visual Studio Version 16
VisualStudioVersion = 16.0.30114.105
MinimumVisualStudioVersion = 10.0.40219.1
Project("{FAE04EC0-301F-11D3-BF4B-00C04F79EFBC}") = "OptimalRouteApp", "OptimalRouteApp.csproj", "{ABDFE790-D376-4627-963C-CC86C7DA5187}"
EndProject
Global
	GlobalSection(SolutionConfigurationPlatforms) = preSolution
		Debug|Any CPU = Debug|Any CPU
		Release|Any CPU = Release|Any CPU
	EndGlobalSection
	GlobalSection(ProjectConfigurationPlatforms) = postSolution
		{ABDFE790-D376-4627-963C-CC86C7DA5187}.Debug|Any CPU.ActiveCfg = Debug|Any CPU
		{ABDFE790-D376-4627-963C-CC86C7DA5187}.Debug|Any CPU.Build.0 = Debug|Any CPU
		{ABDFE790-D376-4627-963C-CC86C7DA5187}.Release|Any CPU.ActiveCfg = Release|Any CPU
		{ABDFE790-D376-4627-963C-CC86C7DA5187}.Release|Any CPU.Build.0 = Release|Any CPU
	EndGlobalSection
	GlobalSection(SolutionProperties) = preSolution
		HideSolutionNode = FALSE
	EndGlobalSection
	GlobalSection(ExtensibilityGlobals) = postSolution
		SolutionGuid = {CE3E823F-A7A6-455E-B772-934545EC3434}
	EndGlobalSection
EndGlobal
